# THIS IS AN AUTOGENERATED FILE. DO NOT EDIT THIS FILE DIRECTLY.
# yarn lockfile v1


"@hotwired/stimulus@^3.1.0":
  version "3.1.0"
  resolved "https://registry.yarnpkg.com/@hotwired/stimulus/-/stimulus-3.1.0.tgz#20215251e5afe6e0a3787285181ba1bfc9097df0"
  integrity sha512-iDMHUhiEJ1xFeicyHcZQQgBzhtk5mPR0QZO3L6wtqzMsJEk2TKECuCQTGKjm+KJTHVY0dKq1dOOAWvODjpd2Mg==

"@hotwired/turbo-rails@^7.2.0":
  version "7.2.0"
  resolved "https://registry.yarnpkg.com/@hotwired/turbo-rails/-/turbo-rails-7.2.0.tgz#2081ed4e626fac9fd61ba5a4d1eeb53e6ea93b03"
  integrity sha512-RxJJGINeLa2lyI078LLSbqZDI7RarxTDMVlgKnsLvtFEn8Pa7ySEcDUxHp5YiLXGbLacAIH/dcfD0JfCWe5Dqw==
  dependencies:
    "@hotwired/turbo" "^7.2.0"
    "@rails/actioncable" "^7.0"

"@hotwired/turbo@^7.2.0":
  version "7.2.0"
  resolved "https://registry.yarnpkg.com/@hotwired/turbo/-/turbo-7.2.0.tgz#4ff90d80fda17e69b04a12bbf0a42f09953504f6"
  integrity sha512-CYr6N9NfqsjhmZx1xVQ8zYcDo4hTm7sTUpJydbNgMRyG+YfF/9ADIQQ2TtcBdkl2zi/12a3OTWX0UMzNZnAK9w==

"@orchidjs/sifter@^0.9.2":
  version "0.9.3"
  resolved "https://registry.yarnpkg.com/@orchidjs/sifter/-/sifter-0.9.3.tgz#6eec2c9649721205130a87f137cc1ab80cdf0c5c"
  integrity sha512-9XGiAJcWvEektxjR9X+dYeG+kg8GdojM6ZCmrnuDaWoVew+GAKxiesvYxyY+RLUgWTv8B1qpLIVYlswxKcW5XQ==

"@rails/actioncable@^7.0":
  version "7.0.3"
  resolved "https://registry.yarnpkg.com/@rails/actioncable/-/actioncable-7.0.3.tgz#71f08e958883af64f6a20489318b5e95d2c6dc5b"
  integrity sha512-Iefl21FZD+ck1di6xSHMYzSzRiNJTHV4NrAzCfDfqc/wPz4xncrP8f2/fJ+2jzwKIaDn76UVMsALh7R5OzsF8Q==

"@rails/actiontext@^7.0.3-1":
  version "7.0.3-1"
  resolved "https://registry.yarnpkg.com/@rails/actiontext/-/actiontext-7.0.3-1.tgz#cd6ada90068376e3e9081067a12b4dfe8e72d433"
  integrity sha512-4gyYWbc6gdRlTITOU1cy83d9dq5J9IPm+p2418Iy6ekG1XoZwW2zsuSJisKCc6AF8tGrYM4LtLtXif04zz8bXg==
  dependencies:
    "@rails/activestorage" ">= 7.0.0-alpha1"

"@rails/activestorage@>= 7.0.0-alpha1":
  version "7.0.3"
  resolved "https://registry.yarnpkg.com/@rails/activestorage/-/activestorage-7.0.3.tgz#516770d49f702bb2b746a826779465a513804003"
  integrity sha512-pdIoQUNcimjbSlhUgnRyFimVvsp/J9C1yTxV3P40oQrRU81f3uM9tT4IY/wMfe691Zj7tJBiqsbThUoPT88TAA==
  dependencies:
    spark-md5 "^3.0.1"

"@rails/activestorage@^7.0.3-1":
  version "7.0.3-1"
  resolved "https://registry.yarnpkg.com/@rails/activestorage/-/activestorage-7.0.3-1.tgz#1b17d830fe065b2f73cc7aaea4dd1a4177bee6cf"
  integrity sha512-8tDzsfVyJtkq/nxRT8dHuyYaZMfWQy8Qkm/InIBmf/e3vZ3kyLMF7yJ88qZf6ghbNgjHbjrJdh6wNoXnJjvKjw==
  dependencies:
    spark-md5 "^3.0.1"

"@rails/request.js@^0.0.6":
  version "0.0.6"
  resolved "https://registry.yarnpkg.com/@rails/request.js/-/request.js-0.0.6.tgz#5f0347a9f363e50ec45118c7134080490cda81d8"
  integrity sha512-dfFWaQXitYJ4kxrgGJNhDNXX54/v10YgoJqBMVe6lhqs6a4N9WD7goZJEvwin82TtK8MqUNhwfyisgKwM6dMdg==

"@swc/helpers@^0.2.13":
  version "0.2.14"
  resolved "https://registry.yarnpkg.com/@swc/helpers/-/helpers-0.2.14.tgz#20288c3627442339dd3d743c944f7043ee3590f0"
  integrity sha512-wpCQMhf5p5GhNg2MmGKXzUNwxe7zRiCsmqYsamez2beP7mKPCSiu+BjZcdN95yYSzO857kr0VfQewmGpS77nqA==

anymatch@~3.1.2:
  version "3.1.2"
  resolved "https://registry.yarnpkg.com/anymatch/-/anymatch-3.1.2.tgz#c0557c096af32f106198f4f4e2a383537e378716"
  integrity sha512-P43ePfOAIupkguHUycrc4qJ9kz8ZiuOUijaETwX7THt0Y/GNK7v0aa8rY816xWjZ7rJdA5XdMcpVFTKMq+RvWg==
  dependencies:
    normalize-path "^3.0.0"
    picomatch "^2.0.4"

binary-extensions@^2.0.0:
  version "2.2.0"
  resolved "https://registry.yarnpkg.com/binary-extensions/-/binary-extensions-2.2.0.tgz#75f502eeaf9ffde42fc98829645be4ea76bd9e2d"
  integrity sha512-jDctJ/IVQbZoJykoeHbhXpOlNBqGNcwXJKJog42E5HDPUwQTSdjCHdihjj0DlnheQ7blbT6dHOafNAiS8ooQKA==

braces@~3.0.2:
  version "3.0.2"
  resolved "https://registry.yarnpkg.com/braces/-/braces-3.0.2.tgz#3454e1a462ee8d599e236df336cd9ea4f8afe107"
  integrity sha512-b8um+L1RzM3WDSzvhm6gIz1yfTbBt6YTlcEKAvsmqCZZFw46z626lVj9j1yEPW33H5H+lBQpZMP1k8l+78Ha0A==
  dependencies:
    fill-range "^7.0.1"

"chokidar@>=3.0.0 <4.0.0":
  version "3.5.3"
  resolved "https://registry.yarnpkg.com/chokidar/-/chokidar-3.5.3.tgz#1cf37c8707b932bd1af1ae22c0432e2acd1903bd"
  integrity sha512-Dr3sfKRP6oTcjf2JmUmFJfeVMvXBdegxB0iVQ5eb2V10uFJUCAS8OByZdVAyVb8xXNz3GjjTgj9kLWsZTqE6kw==
  dependencies:
    anymatch "~3.1.2"
    braces "~3.0.2"
    glob-parent "~5.1.2"
    is-binary-path "~2.1.0"
    is-glob "~4.0.1"
    normalize-path "~3.0.0"
    readdirp "~3.6.0"
  optionalDependencies:
    fsevents "~2.3.2"

dropzone@^6.0.0-beta.2:
  version "6.0.0-beta.2"
  resolved "https://registry.yarnpkg.com/dropzone/-/dropzone-6.0.0-beta.2.tgz#098be8fa84bdc08674cf0b74f4c889e2679083d6"
  integrity sha512-k44yLuFFhRk53M8zP71FaaNzJYIzr99SKmpbO/oZKNslDjNXQsBTdfLs+iONd0U0L94zzlFzRnFdqbLcs7h9fQ==
  dependencies:
    "@swc/helpers" "^0.2.13"
    just-extend "^5.0.0"

esbuild-android-64@0.14.43:
  version "0.14.43"
  resolved "https://registry.yarnpkg.com/esbuild-android-64/-/esbuild-android-64-0.14.43.tgz#59bf3edad6863c27aa92bbb5c1d83a9a5c981495"
  integrity sha512-kqFXAS72K6cNrB6RiM7YJ5lNvmWRDSlpi7ZuRZ1hu1S3w0zlwcoCxWAyM23LQUyZSs1PbjHgdbbfYAN8IGh6xg==

esbuild-android-arm64@0.14.43:
  version "0.14.43"
  resolved "https://registry.yarnpkg.com/esbuild-android-arm64/-/esbuild-android-arm64-0.14.43.tgz#0258704edf92ce2463af6d2900b844b5423bed63"
  integrity sha512-bKS2BBFh+7XZY9rpjiHGRNA7LvWYbZWP87pLehggTG7tTaCDvj8qQGOU/OZSjCSKDYbgY7Q+oDw8RlYQ2Jt2BA==

esbuild-darwin-64@0.14.43:
  version "0.14.43"
  resolved "https://registry.yarnpkg.com/esbuild-darwin-64/-/esbuild-darwin-64-0.14.43.tgz#72a47295678d4aa0656979baa8cf6d5c8c92656f"
  integrity sha512-/3PSilx011ttoieRGkSZ0XV8zjBf2C9enV4ScMMbCT4dpx0mFhMOpFnCHkOK0pWGB8LklykFyHrWk2z6DENVUg==

esbuild-darwin-arm64@0.14.43:
  version "0.14.43"
  resolved "https://registry.yarnpkg.com/esbuild-darwin-arm64/-/esbuild-darwin-arm64-0.14.43.tgz#5f5823170b8d85b888957f0794e186caac447aca"
  integrity sha512-1HyFUKs8DMCBOvw1Qxpr5Vv/ThNcVIFb5xgXWK3pyT40WPvgYIiRTwJCvNs4l8i5qWF8/CK5bQxJVDjQvtv0Yw==

esbuild-freebsd-64@0.14.43:
  version "0.14.43"
  resolved "https://registry.yarnpkg.com/esbuild-freebsd-64/-/esbuild-freebsd-64-0.14.43.tgz#e4a48b08181053837e6cd9bda19ae0af94d493b0"
  integrity sha512-FNWc05TPHYgaXjbPZO5/rJKSBslfG6BeMSs8GhwnqAKP56eEhvmzwnIz1QcC9cRVyO+IKqWNfmHFkCa1WJTULA==

esbuild-freebsd-arm64@0.14.43:
  version "0.14.43"
  resolved "https://registry.yarnpkg.com/esbuild-freebsd-arm64/-/esbuild-freebsd-arm64-0.14.43.tgz#386e780d36c1dedf3a1cdab79e0bbacd873274e6"
  integrity sha512-amrYopclz3VohqisOPR6hA3GOWA3LZC1WDLnp21RhNmoERmJ/vLnOpnrG2P/Zao+/erKTCUqmrCIPVtj58DRoA==

esbuild-linux-32@0.14.43:
  version "0.14.43"
  resolved "https://registry.yarnpkg.com/esbuild-linux-32/-/esbuild-linux-32-0.14.43.tgz#040ed6b9ebf06d73acdf2acce7f1cd0c12fbc6a5"
  integrity sha512-KoxoEra+9O3AKVvgDFvDkiuddCds6q71owSQEYwjtqRV7RwbPzKxJa6+uyzUulHcyGVq0g15K0oKG5CFBcvYDw==

esbuild-linux-64@0.14.43:
  version "0.14.43"
  resolved "https://registry.yarnpkg.com/esbuild-linux-64/-/esbuild-linux-64-0.14.43.tgz#8abbb7594ab6a008f2aae72d95d8a4fdc59d9000"
  integrity sha512-EwINwGMyiJMgBby5/SbMqKcUhS5AYAZ2CpEBzSowsJPNBJEdhkCTtEjk757TN/wxgbu3QklqDM6KghY660QCUw==

esbuild-linux-arm64@0.14.43:
  version "0.14.43"
  resolved "https://registry.yarnpkg.com/esbuild-linux-arm64/-/esbuild-linux-arm64-0.14.43.tgz#4e8e9ce77cbf7efec65e79e512b3d2fbd2da398f"
  integrity sha512-UlSpjMWllAc70zYbHxWuDS3FJytyuR/gHJYBr8BICcTNb/TSOYVBg6U7b3jZ3mILTrgzwJUHwhEwK18FZDouUQ==

esbuild-linux-arm@0.14.43:
  version "0.14.43"
  resolved "https://registry.yarnpkg.com/esbuild-linux-arm/-/esbuild-linux-arm-0.14.43.tgz#9e41ee5e099c0ffdfd150da154330c2c0226cc96"
  integrity sha512-e6YzQUoDxxtyamuF12eVzzRC7bbEFSZohJ6igQB9tBqnNmIQY3fI6Cns3z2wxtbZ3f2o6idkD2fQnlvs2902Dg==

esbuild-linux-mips64le@0.14.43:
  version "0.14.43"
  resolved "https://registry.yarnpkg.com/esbuild-linux-mips64le/-/esbuild-linux-mips64le-0.14.43.tgz#4b41f465a787f91cc4fe7dffa0dcabf655935a1a"
  integrity sha512-f+v8cInPEL1/SDP//CfSYzcDNgE4CY3xgDV81DWm3KAPWzhvxARrKxB1Pstf5mB56yAslJDxu7ryBUPX207EZA==

esbuild-linux-ppc64le@0.14.43:
  version "0.14.43"
  resolved "https://registry.yarnpkg.com/esbuild-linux-ppc64le/-/esbuild-linux-ppc64le-0.14.43.tgz#ca15934f5b46728dd9ac05270e783e7feaca9eaf"
  integrity sha512-5wZYMDGAL/K2pqkdIsW+I4IR41kyfHr/QshJcNpUfK3RjB3VQcPWOaZmc+74rm4ZjVirYrtz+jWw0SgxtxRanA==

esbuild-linux-riscv64@0.14.43:
  version "0.14.43"
  resolved "https://registry.yarnpkg.com/esbuild-linux-riscv64/-/esbuild-linux-riscv64-0.14.43.tgz#70fce2b5a0605a67e58b5a357b0e00be1029836d"
  integrity sha512-lYcAOUxp85hC7lSjycJUVSmj4/9oEfSyXjb/ua9bNl8afonaduuqtw7hvKMoKuYnVwOCDw4RSfKpcnIRDWq+Bw==

esbuild-linux-s390x@0.14.43:
  version "0.14.43"
  resolved "https://registry.yarnpkg.com/esbuild-linux-s390x/-/esbuild-linux-s390x-0.14.43.tgz#318d03b4f4ccc7fa44ac7562121cf4a4529e477a"
  integrity sha512-27e43ZhHvhFE4nM7HqtUbMRu37I/4eNSUbb8FGZWszV+uLzMIsHDwLoBiJmw7G9N+hrehNPeQ4F5Ujad0DrUKQ==

esbuild-netbsd-64@0.14.43:
  version "0.14.43"
  resolved "https://registry.yarnpkg.com/esbuild-netbsd-64/-/esbuild-netbsd-64-0.14.43.tgz#86130ce204ef0162a96e863b55851efecc92f423"
  integrity sha512-2mH4QF6hHBn5zzAfxEI/2eBC0mspVsZ6UVo821LpAJKMvLJPBk3XJO5xwg7paDqSqpl7p6IRrAenW999AEfJhQ==

esbuild-openbsd-64@0.14.43:
  version "0.14.43"
  resolved "https://registry.yarnpkg.com/esbuild-openbsd-64/-/esbuild-openbsd-64-0.14.43.tgz#0229dc2db2ded97b03bb93bba7646b30ffdf5d0d"
  integrity sha512-ZhQpiZjvqCqO8jKdGp9+8k9E/EHSA+zIWOg+grwZasI9RoblqJ1QiZqqi7jfd6ZrrG1UFBNGe4m0NFxCFbMVbg==

esbuild-sunos-64@0.14.43:
  version "0.14.43"
  resolved "https://registry.yarnpkg.com/esbuild-sunos-64/-/esbuild-sunos-64-0.14.43.tgz#17e316216eb9f1de25d52a9000356ae5b869e736"
  integrity sha512-DgxSi9DaHReL9gYuul2rrQCAapgnCJkh3LSHPKsY26zytYppG0HgkgVF80zjIlvEsUbGBP/GHQzBtrezj/Zq1Q==

esbuild-windows-32@0.14.43:
  version "0.14.43"
  resolved "https://registry.yarnpkg.com/esbuild-windows-32/-/esbuild-windows-32-0.14.43.tgz#a173757bc6dfd0f2656ff40b64f7f9290745778e"
  integrity sha512-Ih3+2O5oExiqm0mY6YYE5dR0o8+AspccQ3vIAtRodwFvhuyGLjb0Hbmzun/F3Lw19nuhPMu3sW2fqIJ5xBxByw==

esbuild-windows-64@0.14.43:
  version "0.14.43"
  resolved "https://registry.yarnpkg.com/esbuild-windows-64/-/esbuild-windows-64-0.14.43.tgz#c447b23126aad158c4fe6a394342cafd97926ed1"
  integrity sha512-8NsuNfI8xwFuJbrCuI+aBqNTYkrWErejFO5aYM+yHqyHuL8mmepLS9EPzAzk8rvfaJrhN0+RvKWAcymViHOKEw==

esbuild-windows-arm64@0.14.43:
  version "0.14.43"
  resolved "https://registry.yarnpkg.com/esbuild-windows-arm64/-/esbuild-windows-arm64-0.14.43.tgz#3caed1b430d394d7a7836407b9d36c4750246e76"
  integrity sha512-7ZlD7bo++kVRblJEoG+cepljkfP8bfuTPz5fIXzptwnPaFwGS6ahvfoYzY7WCf5v/1nX2X02HDraVItTgbHnKw==

esbuild@^0.14.43:
  version "0.14.43"
  resolved "https://registry.yarnpkg.com/esbuild/-/esbuild-0.14.43.tgz#c227d585c512d3e0f23b88f50b8e16501147f647"
  integrity sha512-Uf94+kQmy/5jsFwKWiQB4hfo/RkM9Dh7b79p8yqd1tshULdr25G2szLz631NoH3s2ujnKEKVD16RmOxvCNKRFA==
  optionalDependencies:
    esbuild-android-64 "0.14.43"
    esbuild-android-arm64 "0.14.43"
    esbuild-darwin-64 "0.14.43"
    esbuild-darwin-arm64 "0.14.43"
    esbuild-freebsd-64 "0.14.43"
    esbuild-freebsd-arm64 "0.14.43"
    esbuild-linux-32 "0.14.43"
    esbuild-linux-64 "0.14.43"
    esbuild-linux-arm "0.14.43"
    esbuild-linux-arm64 "0.14.43"
    esbuild-linux-mips64le "0.14.43"
    esbuild-linux-ppc64le "0.14.43"
    esbuild-linux-riscv64 "0.14.43"
    esbuild-linux-s390x "0.14.43"
    esbuild-netbsd-64 "0.14.43"
    esbuild-openbsd-64 "0.14.43"
    esbuild-sunos-64 "0.14.43"
    esbuild-windows-32 "0.14.43"
    esbuild-windows-64 "0.14.43"
    esbuild-windows-arm64 "0.14.43"

fill-range@^7.0.1:
  version "7.0.1"
  resolved "https://registry.yarnpkg.com/fill-range/-/fill-range-7.0.1.tgz#1919a6a7c75fe38b2c7c77e5198535da9acdda40"
  integrity sha512-qOo9F+dMUmC2Lcb4BbVvnKJxTPjCm+RRpe4gDuGrzkL7mEVl/djYSu2OdQ2Pa302N4oqkSg9ir6jaLWJ2USVpQ==
  dependencies:
    to-regex-range "^5.0.1"

fsevents@~2.3.2:
  version "2.3.2"
  resolved "https://registry.yarnpkg.com/fsevents/-/fsevents-2.3.2.tgz#8a526f78b8fdf4623b709e0b975c52c24c02fd1a"
  integrity sha512-xiqMQR4xAeHTuB9uWm+fFRcIOgKBMiOBP+eXiyT7jsgVCq1bkVygt00oASowB7EdtpOHaaPgKt812P9ab+DDKA==

glob-parent@~5.1.2:
  version "5.1.2"
  resolved "https://registry.yarnpkg.com/glob-parent/-/glob-parent-5.1.2.tgz#869832c58034fe68a4093c17dc15e8340d8401c4"
  integrity sha512-AOIgSQCepiJYwP3ARnGx+5VnTu2HBYdzbGP45eLw1vr3zB3vZLeyed1sC9hnbcOc9/SrMyM5RPQrkGz4aS9Zow==
  dependencies:
    is-glob "^4.0.1"

immutable@^4.0.0:
  version "4.1.0"
  resolved "https://registry.yarnpkg.com/immutable/-/immutable-4.1.0.tgz#f795787f0db780183307b9eb2091fcac1f6fafef"
  integrity sha512-oNkuqVTA8jqG1Q6c+UglTOD1xhC1BtjKI7XkCXRkZHrN5m18/XsnUp8Q89GkQO/z+0WjonSvl0FLhDYftp46nQ==

is-binary-path@~2.1.0:
  version "2.1.0"
  resolved "https://registry.yarnpkg.com/is-binary-path/-/is-binary-path-2.1.0.tgz#ea1f7f3b80f064236e83470f86c09c254fb45b09"
  integrity sha512-ZMERYes6pDydyuGidse7OsHxtbI7WVeUEozgR/g7rd0xUimYNlvZRE/K2MgZTjWy725IfelLeVcEM97mmtRGXw==
  dependencies:
    binary-extensions "^2.0.0"

is-extglob@^2.1.1:
  version "2.1.1"
  resolved "https://registry.yarnpkg.com/is-extglob/-/is-extglob-2.1.1.tgz#a88c02535791f02ed37c76a1b9ea9773c833f8c2"
  integrity sha512-SbKbANkN603Vi4jEZv49LeVJMn4yGwsbzZworEoyEiutsN3nJYdbO36zfhGJ6QEDpOZIFkDtnq5JRxmvl3jsoQ==

is-glob@^4.0.1, is-glob@~4.0.1:
  version "4.0.3"
  resolved "https://registry.yarnpkg.com/is-glob/-/is-glob-4.0.3.tgz#64f61e42cbbb2eec2071a9dac0b28ba1e65d5084"
  integrity sha512-xelSayHH36ZgE7ZWhli7pW34hNbNl8Ojv5KVmkJD4hBdD3th8Tfk9vYasLM+mXWOZhFkgZfxhLSnrwRr4elSSg==
  dependencies:
    is-extglob "^2.1.1"

is-number@^7.0.0:
  version "7.0.0"
  resolved "https://registry.yarnpkg.com/is-number/-/is-number-7.0.0.tgz#7535345b896734d5f80c4d06c50955527a14f12b"
  integrity sha512-41Cifkg6e8TylSpdtTpeLVMqvSBEVzTttHvERD741+pnZ8ANv0004MRL43QKPDlK9cGvNp6NZWZUBlbGXYxxng==

just-extend@^5.0.0:
  version "5.1.1"
  resolved "https://registry.yarnpkg.com/just-extend/-/just-extend-5.1.1.tgz#4f33b1fc719964f816df55acc905776694b713ab"
  integrity sha512-b+z6yF1d4EOyDgylzQo5IminlUmzSeqR1hs/bzjBNjuGras4FXq/6TrzjxfN0j+TmI0ltJzTNlqXUMCniciwKQ==

lodash.debounce@^4.0.8:
  version "4.0.8"
  resolved "https://registry.yarnpkg.com/lodash.debounce/-/lodash.debounce-4.0.8.tgz#82d79bff30a67c4005ffd5e2515300ad9ca4d7af"
  integrity sha512-FT1yDzDYEoYWhnSGnpE/4Kj1fLZkDFyqRb7fNt6FdYOSxlUWAtp42Eh6Wb0rGIv/m9Bgo7x4GhQbm5Ys4SG5ow==

normalize-path@^3.0.0, normalize-path@~3.0.0:
  version "3.0.0"
  resolved "https://registry.yarnpkg.com/normalize-path/-/normalize-path-3.0.0.tgz#0dcd69ff23a1c9b11fd0978316644a0388216a65"
  integrity sha512-6eZs5Ls3WtCisHWp9S2GUy8dqkpGi4BVSz3GaqiE6ezub0512ESztXUwUB6C6IKbQkY2Pnb/mD4WYojCRwcwLA==

noty@^3.2.0-beta-deprecated:
  version "3.2.0-beta-deprecated"
  resolved "https://registry.yarnpkg.com/noty/-/noty-3.2.0-beta-deprecated.tgz#f74126808b40ba11d7cea3eefc836b32ff7a30f2"
  integrity sha512-ntRbHuQ9SnnnVFZm/oq5L1DBCaHQUvsU24AwZH3PGjAWx2YqR/IhOadMk11vmJovYiQo00oqTj6Hp+D6PGtmLA==

picomatch@^2.0.4, picomatch@^2.2.1:
  version "2.3.1"
  resolved "https://registry.yarnpkg.com/picomatch/-/picomatch-2.3.1.tgz#3ba3833733646d9d3e4995946c1365a67fb07a42"
  integrity sha512-JU3teHTNjmE2VCGFzuY8EXzCDVwEqB2a8fsIvwaStHhAWJEeVd1o1QD80CU6+ZdEXXSLbSsuLwJjkCBWqRQUVA==

readdirp@~3.6.0:
  version "3.6.0"
  resolved "https://registry.yarnpkg.com/readdirp/-/readdirp-3.6.0.tgz#74a370bd857116e245b29cc97340cd431a02a6c7"
  integrity sha512-hOS089on8RduqdbhvQ5Z37A0ESjsqz6qnRcffsMU3495FuTdqSm+7bhJ29JvIOsBDEEnan5DPu9t3To9VRlMzA==
  dependencies:
    picomatch "^2.2.1"

sass@^1.53.0:
  version "1.53.0"
  resolved "https://registry.yarnpkg.com/sass/-/sass-1.53.0.tgz#eab73a7baac045cc57ddc1d1ff501ad2659952eb"
  integrity sha512-zb/oMirbKhUgRQ0/GFz8TSAwRq2IlR29vOUJZOx0l8sV+CkHUfHa4u5nqrG+1VceZp7Jfj59SVW9ogdhTvJDcQ==
  dependencies:
    chokidar ">=3.0.0 <4.0.0"
    immutable "^4.0.0"
    source-map-js ">=0.6.2 <2.0.0"

"source-map-js@>=0.6.2 <2.0.0":
  version "1.0.2"
  resolved "https://registry.yarnpkg.com/source-map-js/-/source-map-js-1.0.2.tgz#adbc361d9c62df380125e7f161f71c826f1e490c"
  integrity sha512-R0XvVJ9WusLiqTCEiGCmICCMplcCkIwwR11mOSD9CR5u+IXYdiseeEuXCVAjS54zqwkLcPNnmU4OeJ6tUrWhDw==

spark-md5@^3.0.1:
  version "3.0.2"
  resolved "https://registry.yarnpkg.com/spark-md5/-/spark-md5-3.0.2.tgz#7952c4a30784347abcee73268e473b9c0167e3fc"
  integrity sha512-wcFzz9cDfbuqe0FZzfi2or1sgyIrsDwmPwfZC4hiNidPdPINjeUwNfv5kldczoEAcjl9Y1L3SM7Uz2PUEQzxQw==

sweetalert2@^11.4.24:
  version "11.4.24"
  resolved "https://registry.yarnpkg.com/sweetalert2/-/sweetalert2-11.4.24.tgz#9dbe1e3096d6fd739e03d5c5fe2d218638fceaf4"
  integrity sha512-wbD3SbaOhWyebVfnrY9rMjjVf7ZKUHjmn5Ch83NWUg84b/SYn0N4F0Dhxq3QYSAbnAQ7ArovQb2JfxZi5+Ieug==

to-regex-range@^5.0.1:
  version "5.0.1"
  resolved "https://registry.yarnpkg.com/to-regex-range/-/to-regex-range-5.0.1.tgz#1648c44aae7c8d988a326018ed72f5b4dd0392e4"
  integrity sha512-65P7iz6X5yEr1cwcgvQxbbIw7Uk3gOy5dIdtZ4rDveLqhrdJP+Li/Hx6tyK0NEb+2GCyneCMJiGqrADCSNk8sQ==
  dependencies:
    is-number "^7.0.0"

tom-select@^2.1.0:
  version "2.1.0"
  resolved "https://registry.yarnpkg.com/tom-select/-/tom-select-2.1.0.tgz#93316cf042a69d9462027b8d6380f18f2a002e9d"
  integrity sha512-NtE8kACBlMv4QaDakYfnXtEAgM/AVmM7Hw5FNQmij0uwgRgyXC/2kpNJPD1AdT5q/l6mUNkTnInQpTmrwX/tWQ==
  dependencies:
    "@orchidjs/sifter" "^0.9.2"

trix@^2.0.0-beta.0:
  version "2.0.0-beta.0"
  resolved "https://registry.yarnpkg.com/trix/-/trix-2.0.0-beta.0.tgz#e7034867182356c023abdef90c7bdc341bb3e105"
  integrity sha512-D1c7FxP1hGXM/MnTd/+fGUbSDLkfxsqjA0NxOTzByQywVJVNHDOkn8xAScCKVOiAN6hXlqUR2qX4CPJHTGj+cQ==
